<?xml version="1.0" encoding="UTF-8" standalone="yes" ?>
<CodeBlocks_project_file>
	<FileVersion major="1" minor="6" />
	<Project>
		<Option title="dll" />
		<Option pch_mode="2" />
		<Option compiler="gcc" />
		<Build>
			<Target title="Debug">
				<Option output="bin\Debug_dll\dll" prefix_auto="1" extension_auto="1" />
				<Option object_output="obj\Debug_dll\" />
				<Option type="3" />
				<Option compiler="gcc" />
				<Option createDefFile="1" />
				<Option createStaticLib="1" />
				<Compiler>
					<Add option="-Wall" />
					<Add option="-DBUILD_DLL" />
					<Add option="-g" />
				</Compiler>
				<Linker>
					<Add library="user32" />
				</Linker>
			</Target>
			<Target title="Release">
				<Option output="bin\Release_dll\dll" prefix_auto="1" extension_auto="1" />
				<Option object_output="obj\Release_dll\" />
				<Option type="3" />
				<Option compiler="gcc" />
				<Option createDefFile="1" />
				<Option createStaticLib="1" />
				<Compiler>
					<Add option="-Wall" />
					<Add option="-DBUILD_DLL" />
					<Add option="-O2" />
				</Compiler>
				<Linker>
					<Add option="-s" />
					<Add library="user32" />
				</Linker>
			</Target>
		</Build>
		<Linker>
			<Add library=".\meIDSmain.lib" />
			<Add library=".\meIDSTools.lib" />
		</Linker>
		<Unit filename="TestConsoleGeneric.cpp" />
		<Unit filename="TestConsoleGeneric.h" />
		<Unit filename="dllmain.cpp" />
		<Unit filename="dllmain.h" />
		<Unit filename="meIDSToolsDLL.h" />
		<Unit filename="medefines.h" />
		<Unit filename="medriver.h" />
		<Unit filename="meerror.h" />
		<Unit filename="metypes.h" />
		<Unit filename="src_timing\CtrlPtStruct.c">
			<Option compilerVar="CC" />
		</Unit>
		<Unit filename="src_timing\Struct_Algorithm.h" />
		<Unit filename="src_timing\WaveStruct.c">
			<Option compilerVar="CC" />
		</Unit>
		<Unit filename="src_timing\algorithm.c">
			<Option compilerVar="CC" />
		</Unit>
		<Extensions>
			<code_completion />
			<debugger />
		</Extensions>
	</Project>
</CodeBlocks_project_file>
